Microsoft Visual Studio Solution File, Format Version 12.00
# Visual Studio Version 17
VisualStudioVersion = 17.5.2.0
MinimumVisualStudioVersion = 10.0.40219.1
Project("{FAE04EC0-301F-11D3-BF4B-00C04F79EFBC}") = "RecruiterApi", "backend\RecruiterApi.csproj", "{39C7849E-88DE-B613-B2DB-A4971717AFA2}"
EndProject
Global
	GlobalSection(SolutionConfigurationPlatforms) = preSolution
		Debug|Any CPU = Debug|Any CPU
		Release|Any CPU = Release|Any CPU
	EndGlobalSection
	GlobalSection(ProjectConfigurationPlatforms) = postSolution
		{39C7849E-88DE-B613-B2DB-A4971717AFA2}.Debug|Any CPU.ActiveCfg = Debug|Any CPU
		{39C7849E-88DE-B613-B2DB-A4971717AFA2}.Debug|Any CPU.Build.0 = Debug|Any CPU
		{39C7849E-88DE-B613-B2DB-A4971717AFA2}.Release|Any CPU.ActiveCfg = Release|Any CPU
		{39C7849E-88DE-B613-B2DB-A4971717AFA2}.Release|Any CPU.Build.0 = Release|Any CPU
	EndGlobalSection
	GlobalSection(SolutionProperties) = preSolution
		HideSolutionNode = FALSE
	EndGlobalSection
	GlobalSection(ExtensibilityGlobals) = postSolution
		SolutionGuid = {0E3BC2A6-6439-4FDE-9EF7-8D5B99692CCD}
	EndGlobalSection
EndGlobal
